
Microsoft Visual Studio Solution File, Format Version 12.00
# Visual Studio 15
VisualStudioVersion = 15.0.28307.1831
MinimumVisualStudioVersion = 10.0.40219.1
Project("{FAE04EC0-301F-11D3-BF4B-00C04F79EFBC}") = "ArithmaticOperationTest", "ArithmaticOperationTest\ArithmaticOperationTest.csproj", "{0812002E-6D65-4B5F-8E77-3247408322CF}"
EndProject
Project("{FAE04EC0-301F-11D3-BF4B-00C04F79EFBC}") = "UnitTestProject", "UnitTestProject\UnitTestProject.csproj", "{84B6F585-9731-4824-802E-19C6416727E6}"
EndProject
Global
	GlobalSection(SolutionConfigurationPlatforms) = preSolution
		Debug|Any CPU = Debug|Any CPU
		Release|Any CPU = Release|Any CPU
	EndGlobalSection
	GlobalSection(ProjectConfigurationPlatforms) = postSolution
		{0812002E-6D65-4B5F-8E77-3247408322CF}.Debug|Any CPU.ActiveCfg = Debug|Any CPU
		{0812002E-6D65-4B5F-8E77-3247408322CF}.Debug|Any CPU.Build.0 = Debug|Any CPU
		{0812002E-6D65-4B5F-8E77-3247408322CF}.Release|Any CPU.ActiveCfg = Release|Any CPU
		{0812002E-6D65-4B5F-8E77-3247408322CF}.Release|Any CPU.Build.0 = Release|Any CPU
		{84B6F585-9731-4824-802E-19C6416727E6}.Debug|Any CPU.ActiveCfg = Debug|Any CPU
		{84B6F585-9731-4824-802E-19C6416727E6}.Debug|Any CPU.Build.0 = Debug|Any CPU
		{84B6F585-9731-4824-802E-19C6416727E6}.Release|Any CPU.ActiveCfg = Release|Any CPU
		{84B6F585-9731-4824-802E-19C6416727E6}.Release|Any CPU.Build.0 = Release|Any CPU
	EndGlobalSection
	GlobalSection(SolutionProperties) = preSolution
		HideSolutionNode = FALSE
	EndGlobalSection
	GlobalSection(ExtensibilityGlobals) = postSolution
		SolutionGuid = {7D974984-0136-4A47-8EAE-A8DAF8A24F3E}
	EndGlobalSection
EndGlobal
